// !$*UTF8*$!
{
	archiveVersion = 1;
	classes = {
	};
	objectVersion = 50;
	objects = {

/* Begin PBXBuildFile section */
		AFE5D534260A953400051E65 /* AppDelegate.swift in Sources */ = {isa = PBXBuildFile; fileRef = AFE5D533260A953400051E65 /* AppDelegate.swift */; };
		AFE5D536260A953400051E65 /* SceneDelegate.swift in Sources */ = {isa = PBXBuildFile; fileRef = AFE5D535260A953400051E65 /* SceneDelegate.swift */; };
		AFE5D538260A953400051E65 /* ContentView.swift in Sources */ = {isa = PBXBuildFile; fileRef = AFE5D537260A953400051E65 /* ContentView.swift */; };
		AFE5D53B260A953400051E65 /* MissedCall_Test.xcdatamodeld in Sources */ = {isa = PBXBuildFile; fileRef = AFE5D539260A953400051E65 /* MissedCall_Test.xcdatamodeld */; };
		AFE5D53D260A953500051E65 /* Assets.xcassets in Resources */ = {isa = PBXBuildFile; fileRef = AFE5D53C260A953500051E65 /* Assets.xcassets */; };
		AFE5D540260A953500051E65 /* Preview Assets.xcassets in Resources */ = {isa = PBXBuildFile; fileRef = AFE5D53F260A953500051E65 /* Preview Assets.xcassets */; };
		AFE5D543260A953500051E65 /* LaunchScreen.storyboard in Resources */ = {isa = PBXBuildFile; fileRef = AFE5D541260A953500051E65 /* LaunchScreen.storyboard */; };
/* End PBXBuildFile section */

/* Begin PBXFileReference section */
		AFE5D530260A953400051E65 /* MissedCall_Test.app */ = {isa = PBXFileReference; explicitFileType = wrapper.application; includeInIndex = 0; path = MissedCall_Test.app; sourceTree = BUILT_PRODUCTS_DIR; };
		AFE5D533260A953400051E65 /* AppDelegate.swift */ = {isa = PBXFileReference; lastKnownFileType = sourcecode.swift; path = AppDelegate.swift; sourceTree = "<group>"; };
		AFE5D535260A953400051E65 /* SceneDelegate.swift */ = {isa = PBXFileReference; lastKnownFileType = sourcecode.swift; path = SceneDelegate.swift; sourceTree = "<group>"; };
		AFE5D537260A953400051E65 /* ContentView.swift */ = {isa = PBXFileReference; lastKnownFileType = sourcecode.swift; path = ContentView.swift; sourceTree = "<group>"; };
		AFE5D53A260A953400051E65 /* MissedCall_Test.xcdatamodel */ = {isa = PBXFileReference; lastKnownFileType = wrapper.xcdatamodel; path = MissedCall_Test.xcdatamodel; sourceTree = "<group>"; };
		AFE5D53C260A953500051E65 /* Assets.xcassets */ = {isa = PBXFileReference; lastKnownFileType = folder.assetcatalog; path = Assets.xcassets; sourceTree = "<group>"; };
		AFE5D53F260A953500051E65 /* Preview Assets.xcassets */ = {isa = PBXFileReference; lastKnownFileType = folder.assetcatalog; path = "Preview Assets.xcassets"; sourceTree = "<group>"; };
		AFE5D542260A953500051E65 /* Base */ = {isa = PBXFileReference; lastKnownFileType = file.storyboard; name = Base; path = Base.lproj/LaunchScreen.storyboard; sourceTree = "<group>"; };
		AFE5D544260A953500051E65 /* Info.plist */ = {isa = PBXFileReference; lastKnownFileType = text.plist.xml; path = Info.plist; sourceTree = "<group>"; };
/* End PBXFileReference section */

/* Begin PBXFrameworksBuildPhase section */
		AFE5D52D260A953400051E65 /* Frameworks */ = {
			isa = PBXFrameworksBuildPhase;
			buildActionMask = 2147483647;
			files = (
			);
			runOnlyForDeploymentPostprocessing = 0;
		};
/* End PBXFrameworksBuildPhase section */

/* Begin PBXGroup section */
		AFE5D527260A953400051E65 = {
			isa = PBXGroup;
			children = (
				AFE5D532260A953400051E65 /* MissedCall_Test */,
				AFE5D531260A953400051E65 /* Products */,
			);
			sourceTree = "<group>";
		};
		AFE5D531260A953400051E65 /* Products */ = {
			isa = PBXGroup;
			children = (
				AFE5D530260A953400051E65 /* MissedCall_Test.app */,
			);
			name = Products;
			sourceTree = "<group>";
		};
		AFE5D532260A953400051E65 /* MissedCall_Test */ = {
			isa = PBXGroup;
			children = (
				AFE5D533260A953400051E65 /* AppDelegate.swift */,
				AFE5D535260A953400051E65 /* SceneDelegate.swift */,
				AFE5D537260A953400051E65 /* ContentView.swift */,
				AFE5D53C260A953500051E65 /* Assets.xcassets */,
				AFE5D541260A953500051E65 /* LaunchScreen.storyboard */,
				AFE5D544260A953500051E65 /* Info.plist */,
				AFE5D539260A953400051E65 /* MissedCall_Test.xcdatamodeld */,
				AFE5D53E260A953500051E65 /* Preview Content */,
			);
			path = MissedCall_Test;
			sourceTree = "<group>";
		};
		AFE5D53E260A953500051E65 /* Preview Content */ = {
			isa = PBXGroup;
			children = (
				AFE5D53F260A953500051E65 /* Preview Assets.xcassets */,
			);
			path = "Preview Content";
			sourceTree = "<group>";
		};
/* End PBXGroup section */

/* Begin PBXNativeTarget section */
		AFE5D52F260A953400051E65 /* MissedCall_Test */ = {
			isa = PBXNativeTarget;
			buildConfigurationList = AFE5D547260A953500051E65 /* Build configuration list for PBXNativeTarget "MissedCall_Test" */;
			buildPhases = (
				AFE5D52C260A953400051E65 /* Sources */,
				AFE5D52D260A953400051E65 /* Frameworks */,
				AFE5D52E260A953400051E65 /* Resources */,
			);
			buildRules = (
			);
			dependencies = (
			);
			name = MissedCall_Test;
			productName = MissedCall_Test;
			productReference = AFE5D530260A953400051E65 /* MissedCall_Test.app */;
			productType = "com.apple.product-type.application";
		};
/* End PBXNativeTarget section */

/* Begin PBXProject section */
		AFE5D528260A953400051E65 /* Project object */ = {
			isa = PBXProject;
			attributes = {
				LastSwiftUpdateCheck = 1240;
				LastUpgradeCheck = 1240;
				TargetAttributes = {
					AFE5D52F260A953400051E65 = {
						CreatedOnToolsVersion = 12.4;
					};
				};
			};
			buildConfigurationList = AFE5D52B260A953400051E65 /* Build configuration list for PBXProject "MissedCall_Test" */;
			compatibilityVersion = "Xcode 9.3";
			developmentRegion = en;
			hasScannedForEncodings = 0;
			knownRegions = (
				en,
				Base,
			);
			mainGroup = AFE5D527260A953400051E65;
			productRefGroup = AFE5D531260A953400051E65 /* Products */;
			projectDirPath = "";
			projectRoot = "";
			targets = (
				AFE5D52F260A953400051E65 /* MissedCall_Test */,
			);
		};
/* End PBXProject section */

/* Begin PBXResourcesBuildPhase section */
		AFE5D52E260A953400051E65 /* Resources */ = {
			isa = PBXResourcesBuildPhase;
			buildActionMask = 2147483647;
			files = (
				AFE5D543260A953500051E65 /* LaunchScreen.storyboard in Resources */,
				AFE5D540260A953500051E65 /* Preview Assets.xcassets in Resources */,
				AFE5D53D260A953500051E65 /* Assets.xcassets in Resources */,
			);
			runOnlyForDeploymentPostprocessing = 0;
		};
/* End PBXResourcesBuildPhase section */

/* Begin PBXSourcesBuildPhase section */
		AFE5D52C260A953400051E65 /* Sources */ = {
			isa = PBXSourcesBuildPhase;
			buildActionMask = 2147483647;
			files = (
				AFE5D53B260A953400051E65 /* MissedCall_Test.xcdatamodeld in Sources */,
				AFE5D534260A953400051E65 /* AppDelegate.swift in Sources */,
				AFE5D536260A953400051E65 /* SceneDelegate.swift in Sources */,
				AFE5D538260A953400051E65 /* ContentView.swift in Sources */,
			);
			runOnlyForDeploymentPostprocessing = 0;
		};
/* End PBXSourcesBuildPhase section */

/* Begin PBXVariantGroup section */
		AFE5D541260A953500051E65 /* LaunchScreen.storyboard */ = {
			isa = PBXVariantGroup;
			children = (
				AFE5D542260A953500051E65 /* Base */,
			);
			name = LaunchScreen.storyboard;
			sourceTree = "<group>";
		};
/* End PBXVariantGroup section */

/* Begin XCBuildConfiguration section */
		AFE5D545260A953500051E65 /* Debug */ = {
			isa = XCBuildConfiguration;
			buildSettings = {
				ALWAYS_SEARCH_USER_PATHS = NO;
				CLANG_ANALYZER_NONNULL = YES;
				CLANG_ANALYZER_NUMBER_OBJECT_CONVERSION = YES_AGGRESSIVE;
				CLANG_CXX_LANGUAGE_STANDARD = "gnu++14";
				CLANG_CXX_LIBRARY = "libc++";
				CLANG_ENABLE_MODULES = YES;
				CLANG_ENABLE_OBJC_ARC = YES;
				CLANG_ENABLE_OBJC_WEAK = YES;
				CLANG_WARN_BLOCK_CAPTURE_AUTORELEASING = YES;
				CLANG_WARN_BOOL_CONVERSION = YES;
				CLANG_WARN_COMMA = YES;
				CLANG_WARN_CONSTANT_CONVERSION = YES;
				CLANG_WARN_DEPRECATED_OBJC_IMPLEMENTATIONS = YES;
				CLANG_WARN_DIRECT_OBJC_ISA_USAGE = YES_ERROR;
				CLANG_WARN_DOCUMENTATION_COMMENTS = YES;
				CLANG_WARN_EMPTY_BODY = YES;
				CLANG_WARN_ENUM_CONVERSION = YES;
				CLANG_WARN_INFINITE_RECURSION = YES;
				CLANG_WARN_INT_CONVERSION = YES;
				CLANG_WARN_NON_LITERAL_NULL_CONVERSION = YES;
				CLANG_WARN_OBJC_IMPLICIT_RETAIN_SELF = YES;
				CLANG_WARN_OBJC_LITERAL_CONVERSION = YES;
				CLANG_WARN_OBJC_ROOT_CLASS = YES_ERROR;
				CLANG_WARN_QUOTED_INCLUDE_IN_FRAMEWORK_HEADER = YES;
				CLANG_WARN_RANGE_LOOP_ANALYSIS = YES;
				CLANG_WARN_STRICT_PROTOTYPES = YES;
				CLANG_WARN_SUSPICIOUS_MOVE = YES;
				CLANG_WARN_UNGUARDED_AVAILABILITY = YES_AGGRESSIVE;
				CLANG_WARN_UNREACHABLE_CODE = YES;
				CLANG_WARN__DUPLICATE_METHOD_MATCH = YES;
				COPY_PHASE_STRIP = NO;
				DEBUG_INFORMATION_FORMAT = dwarf;
				ENABLE_STRICT_OBJC_MSGSEND = YES;
				ENABLE_TESTABILITY = YES;
				GCC_C_LANGUAGE_STANDARD = gnu11;
				GCC_DYNAMIC_NO_PIC = NO;
				GCC_NO_COMMON_BLOCKS = YES;
				GCC_OPTIMIZATION_LEVEL = 0;
				GCC_PREPROCESSOR_DEFINITIONS = (
					"DEBUG=1",
					"$(inherited)",
				);
				GCC_WARN_64_TO_32_BIT_CONVERSION = YES;
				GCC_WARN_ABOUT_RETURN_TYPE = YES_ERROR;
				GCC_WARN_UNDECLARED_SELECTOR = YES;
				GCC_WARN_UNINITIALIZED_AUTOS = YES_AGGRESSIVE;
				GCC_WARN_UNUSED_FUNCTION = YES;
				GCC_WARN_UNUSED_VARIABLE = YES;
				IPHONEOS_DEPLOYMENT_TARGET = 14.4;
				MTL_ENABLE_DEBUG_INFO = INCLUDE_SOURCE;
				MTL_FAST_MATH = YES;
				ONLY_ACTIVE_ARCH = YES;
				SDKROOT = iphoneos;
				SWIFT_ACTIVE_COMPILATION_CONDITIONS = DEBUG;
				SWIFT_OPTIMIZATION_LEVEL = "-Onone";
			};
			name = Debug;
		};
		AFE5D546260A953500051E65 /* Release */ = {
			isa = XCBuildConfiguration;
			buildSettings = {
				ALWAYS_SEARCH_USER_PATHS = NO;
				CLANG_ANALYZER_NONNULL = YES;
				CLANG_ANALYZER_NUMBER_OBJECT_CONVERSION = YES_AGGRESSIVE;
				CLANG_CXX_LANGUAGE_STANDARD = "gnu++14";
				CLANG_CXX_LIBRARY = "libc++";
				CLANG_ENABLE_MODULES = YES;
				CLANG_ENABLE_OBJC_ARC = YES;
				CLANG_ENABLE_OBJC_WEAK = YES;
				CLANG_WARN_BLOCK_CAPTURE_AUTORELEASING = YES;
				CLANG_WARN_BOOL_CONVERSION = YES;
				CLANG_WARN_COMMA = YES;
				CLANG_WARN_CONSTANT_CONVERSION = YES;
				CLANG_WARN_DEPRECATED_OBJC_IMPLEMENTATIONS = YES;
				CLANG_WARN_DIRECT_OBJC_ISA_USAGE = YES_ERROR;
				CLANG_WARN_DOCUMENTATION_COMMENTS = YES;
				CLANG_WARN_EMPTY_BODY = YES;
				CLANG_WARN_ENUM_CONVERSION = YES;
				CLANG_WARN_INFINITE_RECURSION = YES;
				CLANG_WARN_INT_CONVERSION = YES;
				CLANG_WARN_NON_LITERAL_NULL_CONVERSION = YES;
				CLANG_WARN_OBJC_IMPLICIT_RETAIN_SELF = YES;
				CLANG_WARN_OBJC_LITERAL_CONVERSION = YES;
				CLANG_WARN_OBJC_ROOT_CLASS = YES_ERROR;
				CLANG_WARN_QUOTED_INCLUDE_IN_FRAMEWORK_HEADER = YES;
				CLANG_WARN_RANGE_LOOP_ANALYSIS = YES;
				CLANG_WARN_STRICT_PROTOTYPES = YES;
				CLANG_WARN_SUSPICIOUS_MOVE = YES;
				CLANG_WARN_UNGUARDED_AVAILABILITY = YES_AGGRESSIVE;
				CLANG_WARN_UNREACHABLE_CODE = YES;
				CLANG_WARN__DUPLICATE_METHOD_MATCH = YES;
				COPY_PHASE_STRIP = NO;
				DEBUG_INFORMATION_FORMAT = "dwarf-with-dsym";
				ENABLE_NS_ASSERTIONS = NO;
				ENABLE_STRICT_OBJC_MSGSEND = YES;
				GCC_C_LANGUAGE_STANDARD = gnu11;
				GCC_NO_COMMON_BLOCKS = YES;
				GCC_WARN_64_TO_32_BIT_CONVERSION = YES;
				GCC_WARN_ABOUT_RETURN_TYPE = YES_ERROR;
				GCC_WARN_UNDECLARED_SELECTOR = YES;
				GCC_WARN_UNINITIALIZED_AUTOS = YES_AGGRESSIVE;
				GCC_WARN_UNUSED_FUNCTION = YES;
				GCC_WARN_UNUSED_VARIABLE = YES;
				IPHONEOS_DEPLOYMENT_TARGET = 14.4;
				MTL_ENABLE_DEBUG_INFO = NO;
				MTL_FAST_MATH = YES;
				SDKROOT = iphoneos;
				SWIFT_COMPILATION_MODE = wholemodule;
				SWIFT_OPTIMIZATION_LEVEL = "-O";
				VALIDATE_PRODUCT = YES;
			};
			name = Release;
		};
		AFE5D548260A953500051E65 /* Debug */ = {
			isa = XCBuildConfiguration;
			buildSettings = {
				ASSETCATALOG_COMPILER_APPICON_NAME = AppIcon;
				ASSETCATALOG_COMPILER_GLOBAL_ACCENT_COLOR_NAME = AccentColor;
				CODE_SIGN_STYLE = Automatic;
				DEVELOPMENT_ASSET_PATHS = "\"MissedCall_Test/Preview Content\"";
				DEVELOPMENT_TEAM = 6HPBKQNR25;
				ENABLE_PREVIEWS = YES;
				INFOPLIST_FILE = MissedCall_Test/Info.plist;
				LD_RUNPATH_SEARCH_PATHS = (
					"$(inherited)",
					"@executable_path/Frameworks",
				);
				PRODUCT_BUNDLE_IDENTIFIER = "com.dmitrii.self.MissedCall-Test";
				PRODUCT_NAME = "$(TARGET_NAME)";
				SWIFT_VERSION = 5.0;
				TARGETED_DEVICE_FAMILY = "1,2";
			};
			name = Debug;
		};
		AFE5D549260A953500051E65 /* Release */ = {
			isa = XCBuildConfiguration;
			buildSettings = {
				ASSETCATALOG_COMPILER_APPICON_NAME = AppIcon;
				ASSETCATALOG_COMPILER_GLOBAL_ACCENT_COLOR_NAME = AccentColor;
				CODE_SIGN_STYLE = Automatic;
				DEVELOPMENT_ASSET_PATHS = "\"MissedCall_Test/Preview Content\"";
				DEVELOPMENT_TEAM = 6HPBKQNR25;
				ENABLE_PREVIEWS = YES;
				INFOPLIST_FILE = MissedCall_Test/Info.plist;
				LD_RUNPATH_SEARCH_PATHS = (
					"$(inherited)",
					"@executable_path/Frameworks",
				);
				PRODUCT_BUNDLE_IDENTIFIER = "com.dmitrii.self.MissedCall-Test";
				PRODUCT_NAME = "$(TARGET_NAME)";
				SWIFT_VERSION = 5.0;
				TARGETED_DEVICE_FAMILY = "1,2";
			};
			name = Release;
		};
/* End XCBuildConfiguration section */

/* Begin XCConfigurationList section */
		AFE5D52B260A953400051E65 /* Build configuration list for PBXProject "MissedCall_Test" */ = {
			isa = XCConfigurationList;
			buildConfigurations = (
				AFE5D545260A953500051E65 /* Debug */,
				AFE5D546260A953500051E65 /* Release */,
			);
			defaultConfigurationIsVisible = 0;
			defaultConfigurationName = Release;
		};
		AFE5D547260A953500051E65 /* Build configuration list for PBXNativeTarget "MissedCall_Test" */ = {
			isa = XCConfigurationList;
			buildConfigurations = (
				AFE5D548260A953500051E65 /* Debug */,
				AFE5D549260A953500051E65 /* Release */,
			);
			defaultConfigurationIsVisible = 0;
			defaultConfigurationName = Release;
		};
/* End XCConfigurationList section */

/* Begin XCVersionGroup section */
		AFE5D539260A953400051E65 /* MissedCall_Test.xcdatamodeld */ = {
			isa = XCVersionGroup;
			children = (
				AFE5D53A260A953400051E65 /* MissedCall_Test.xcdatamodel */,
			);
			currentVersion = AFE5D53A260A953400051E65 /* MissedCall_Test.xcdatamodel */;
			path = MissedCall_Test.xcdatamodeld;
			sourceTree = "<group>";
			versionGroupType = wrapper.xcdatamodel;
		};
/* End XCVersionGroup section */
	};
	rootObject = AFE5D528260A953400051E65 /* Project object */;
}
